filippo.io/edwards25519 v1.1.0 h1:FNf4tywRC1HmFuKW5xopWpigGjJKiJSV0Cqo0cJWDaA=
filippo.io/edwards25519 v1.1.0/go.mod h1:BxyFTGdWcka3PhytdK4V28tE5sGfRvvvRV7EaN4VDT4=
github.com/tscholl2/siec v0.0.0-20240310163802-c2c6f6198406 h1:sDWDZkwYqX0jvLWstKzFwh+pYhQNaVg65BgSkCP/f7U=
github.com/tscholl2/siec v0.0.0-20240310163802-c2c6f6198406/go.mod h1:KL9+ubr1JZdaKjgAaHr+tCytEncXBa1pR6FjbTsOJnw=
