filippo.io/edwards25519 v1.0.0 h1:0wAIcmJUqRdI8IJ/3eGi5/HwXZWPujYXXlkrQogz0Ek=
filippo.io/edwards25519 v1.0.0/go.mod h1:N1IkdkCkiLB6tki+MYJoSx2JTY9NUlxZE7eHn5EwJns=
github.com/tscholl2/siec v0.0.0-20210707234609-9bdfc483d499 h1:bPQ48TuiAuGTZDm54H2EV/2+eRRBHP61bKDkKSEPW4A=
github.com/tscholl2/siec v0.0.0-20210707234609-9bdfc483d499/go.mod h1:KL9+ubr1JZdaKjgAaHr+tCytEncXBa1pR6FjbTsOJnw=
